
Microsoft Visual Studio Solution File, Format Version 12.00
# Visual Studio Version 16
VisualStudioVersion = 16.0.31702.278
MinimumVisualStudioVersion = 10.0.40219.1
Project("{FAE04EC0-301F-11D3-BF4B-00C04F79EFBC}") = "tipos_de_variaveis", "tipos_de_variaveis\tipos_de_variaveis.csproj", "{413BE852-821E-49CF-B104-88998EA99A82}"
EndProject
Global
	GlobalSection(SolutionConfigurationPlatforms) = preSolution
		Debug|Any CPU = Debug|Any CPU
		Release|Any CPU = Release|Any CPU
	EndGlobalSection
	GlobalSection(ProjectConfigurationPlatforms) = postSolution
		{413BE852-821E-49CF-B104-88998EA99A82}.Debug|Any CPU.ActiveCfg = Debug|Any CPU
		{413BE852-821E-49CF-B104-88998EA99A82}.Debug|Any CPU.Build.0 = Debug|Any CPU
		{413BE852-821E-49CF-B104-88998EA99A82}.Release|Any CPU.ActiveCfg = Release|Any CPU
		{413BE852-821E-49CF-B104-88998EA99A82}.Release|Any CPU.Build.0 = Release|Any CPU
	EndGlobalSection
	GlobalSection(SolutionProperties) = preSolution
		HideSolutionNode = FALSE
	EndGlobalSection
	GlobalSection(ExtensibilityGlobals) = postSolution
		SolutionGuid = {6571659A-BD98-4080-8C6D-5600D819FA5F}
	EndGlobalSection
EndGlobal
